
Microsoft Visual Studio Solution File, Format Version 12.00
# Visual Studio Version 17
VisualStudioVersion = 17.14.36705.20
MinimumVisualStudioVersion = 10.0.40219.1
Project("{FAE04EC0-301F-11D3-BF4B-00C04F79EFBC}") = "HextecInformatica", "HextecInformatica\HextecInformatica.csproj", "{C87600D2-B1C0-4493-B52A-C5EA293894EF}"
EndProject
Global
	GlobalSection(SolutionConfigurationPlatforms) = preSolution
		Debug|Any CPU = Debug|Any CPU
		Release|Any CPU = Release|Any CPU
	EndGlobalSection
	GlobalSection(ProjectConfigurationPlatforms) = postSolution
		{C87600D2-B1C0-4493-B52A-C5EA293894EF}.Debug|Any CPU.ActiveCfg = Debug|Any CPU
		{C87600D2-B1C0-4493-B52A-C5EA293894EF}.Debug|Any CPU.Build.0 = Debug|Any CPU
		{C87600D2-B1C0-4493-B52A-C5EA293894EF}.Release|Any CPU.ActiveCfg = Release|Any CPU
		{C87600D2-B1C0-4493-B52A-C5EA293894EF}.Release|Any CPU.Build.0 = Release|Any CPU
	EndGlobalSection
	GlobalSection(SolutionProperties) = preSolution
		HideSolutionNode = FALSE
	EndGlobalSection
	GlobalSection(ExtensibilityGlobals) = postSolution
		SolutionGuid = {56989421-439D-47FE-A4A9-D3DA1D4B67E5}
	EndGlobalSection
EndGlobal
