Microsoft Visual Studio Solution File, Format Version 12.00
# Visual Studio Version 17
VisualStudioVersion = 17.5.2.0
MinimumVisualStudioVersion = 10.0.40219.1
Project("{FAE04EC0-301F-11D3-BF4B-00C04F79EFBC}") = "HextecInformatica", "HextecInformatica.csproj", "{4141B7BB-F96D-CF4D-315D-3F6113E14469}"
EndProject
Global
	GlobalSection(SolutionConfigurationPlatforms) = preSolution
		Debug|Any CPU = Debug|Any CPU
		Release|Any CPU = Release|Any CPU
	EndGlobalSection
	GlobalSection(ProjectConfigurationPlatforms) = postSolution
		{4141B7BB-F96D-CF4D-315D-3F6113E14469}.Debug|Any CPU.ActiveCfg = Debug|Any CPU
		{4141B7BB-F96D-CF4D-315D-3F6113E14469}.Debug|Any CPU.Build.0 = Debug|Any CPU
		{4141B7BB-F96D-CF4D-315D-3F6113E14469}.Release|Any CPU.ActiveCfg = Release|Any CPU
		{4141B7BB-F96D-CF4D-315D-3F6113E14469}.Release|Any CPU.Build.0 = Release|Any CPU
	EndGlobalSection
	GlobalSection(SolutionProperties) = preSolution
		HideSolutionNode = FALSE
	EndGlobalSection
	GlobalSection(ExtensibilityGlobals) = postSolution
		SolutionGuid = {1D7DE028-EDEA-4091-A052-2268844A32D0}
	EndGlobalSection
EndGlobal
